
Microsoft Visual Studio Solution File, Format Version 12.00
# Visual Studio 14
VisualStudioVersion = 14.0.25420.1
MinimumVisualStudioVersion = 10.0.40219.1
Project("{FAE04EC0-301F-11D3-BF4B-00C04F79EFBC}") = "tokenization", "tokenization\tokenization.csproj", "{3911C1DB-7C09-4DC6-A79E-0BF607B4A053}"
EndProject
Global
	GlobalSection(SolutionConfigurationPlatforms) = preSolution
		Debug|Any CPU = Debug|Any CPU
		Release|Any CPU = Release|Any CPU
	EndGlobalSection
	GlobalSection(ProjectConfigurationPlatforms) = postSolution
		{3911C1DB-7C09-4DC6-A79E-0BF607B4A053}.Debug|Any CPU.ActiveCfg = Debug|Any CPU
		{3911C1DB-7C09-4DC6-A79E-0BF607B4A053}.Debug|Any CPU.Build.0 = Debug|Any CPU
		{3911C1DB-7C09-4DC6-A79E-0BF607B4A053}.Release|Any CPU.ActiveCfg = Release|Any CPU
		{3911C1DB-7C09-4DC6-A79E-0BF607B4A053}.Release|Any CPU.Build.0 = Release|Any CPU
	EndGlobalSection
	GlobalSection(SolutionProperties) = preSolution
		HideSolutionNode = FALSE
	EndGlobalSection
EndGlobal
